
Microsoft Visual Studio Solution File, Format Version 12.00
# Visual Studio Version 17
VisualStudioVersion = 17.5.002.0
MinimumVisualStudioVersion = 10.0.40219.1
Project("{9A19103F-16F7-4668-BE54-9A1E7A4F7556}") = "AppLogin", "AppLogin.csproj", "{422191DA-F7DF-4B43-A25B-11AA21434E1D}"
EndProject
Global
	GlobalSection(SolutionConfigurationPlatforms) = preSolution
		Debug|Any CPU = Debug|Any CPU
		Release|Any CPU = Release|Any CPU
	EndGlobalSection
	GlobalSection(ProjectConfigurationPlatforms) = postSolution
		{422191DA-F7DF-4B43-A25B-11AA21434E1D}.Debug|Any CPU.ActiveCfg = Debug|Any CPU
		{422191DA-F7DF-4B43-A25B-11AA21434E1D}.Debug|Any CPU.Build.0 = Debug|Any CPU
		{422191DA-F7DF-4B43-A25B-11AA21434E1D}.Release|Any CPU.ActiveCfg = Release|Any CPU
		{422191DA-F7DF-4B43-A25B-11AA21434E1D}.Release|Any CPU.Build.0 = Release|Any CPU
	EndGlobalSection
	GlobalSection(SolutionProperties) = preSolution
		HideSolutionNode = FALSE
	EndGlobalSection
	GlobalSection(ExtensibilityGlobals) = postSolution
		SolutionGuid = {8DE1932E-521B-45CB-AB42-5156E9175D90}
	EndGlobalSection
EndGlobal
